// !$*UTF8*$!
{
	archiveVersion = 1;
	classes = {
	};
	objectVersion = 46;
	objects = {

/* Begin PBXBuildFile section */
		87E8415B1F743A5600ED12B2 /* main.m in Sources */ = {isa = PBXBuildFile; fileRef = 87E8415A1F743A5600ED12B2 /* main.m */; };
		87E8415E1F743A5600ED12B2 /* AppDelegate.m in Sources */ = {isa = PBXBuildFile; fileRef = 87E8415D1F743A5600ED12B2 /* AppDelegate.m */; };
		87E841611F743A5600ED12B2 /* ViewController.m in Sources */ = {isa = PBXBuildFile; fileRef = 87E841601F743A5600ED12B2 /* ViewController.m */; };
		87E841641F743A5600ED12B2 /* Main.storyboard in Resources */ = {isa = PBXBuildFile; fileRef = 87E841621F743A5600ED12B2 /* Main.storyboard */; };
		87E841661F743A5600ED12B2 /* Assets.xcassets in Resources */ = {isa = PBXBuildFile; fileRef = 87E841651F743A5600ED12B2 /* Assets.xcassets */; };
		87E841691F743A5600ED12B2 /* LaunchScreen.storyboard in Resources */ = {isa = PBXBuildFile; fileRef = 87E841671F743A5600ED12B2 /* LaunchScreen.storyboard */; };
		87E841741F743A5600ED12B2 /* HockeyTests.m in Sources */ = {isa = PBXBuildFile; fileRef = 87E841731F743A5600ED12B2 /* HockeyTests.m */; };
		87E8417F1F743A5600ED12B2 /* HockeyUITests.m in Sources */ = {isa = PBXBuildFile; fileRef = 87E8417E1F743A5600ED12B2 /* HockeyUITests.m */; };
/* End PBXBuildFile section */

/* Begin PBXContainerItemProxy section */
		87E841701F743A5600ED12B2 /* PBXContainerItemProxy */ = {
			isa = PBXContainerItemProxy;
			containerPortal = 87E8414E1F743A5600ED12B2 /* Project object */;
			proxyType = 1;
			remoteGlobalIDString = 87E841551F743A5600ED12B2;
			remoteInfo = Hockey;
		};
		87E8417B1F743A5600ED12B2 /* PBXContainerItemProxy */ = {
			isa = PBXContainerItemProxy;
			containerPortal = 87E8414E1F743A5600ED12B2 /* Project object */;
			proxyType = 1;
			remoteGlobalIDString = 87E841551F743A5600ED12B2;
			remoteInfo = Hockey;
		};
/* End PBXContainerItemProxy section */

/* Begin PBXFileReference section */
		87E841561F743A5600ED12B2 /* Hockey.app */ = {isa = PBXFileReference; explicitFileType = wrapper.application; includeInIndex = 0; path = Hockey.app; sourceTree = BUILT_PRODUCTS_DIR; };
		87E8415A1F743A5600ED12B2 /* main.m */ = {isa = PBXFileReference; lastKnownFileType = sourcecode.c.objc; path = main.m; sourceTree = "<group>"; };
		87E8415C1F743A5600ED12B2 /* AppDelegate.h */ = {isa = PBXFileReference; lastKnownFileType = sourcecode.c.h; path = AppDelegate.h; sourceTree = "<group>"; };
		87E8415D1F743A5600ED12B2 /* AppDelegate.m */ = {isa = PBXFileReference; lastKnownFileType = sourcecode.c.objc; path = AppDelegate.m; sourceTree = "<group>"; };
		87E8415F1F743A5600ED12B2 /* ViewController.h */ = {isa = PBXFileReference; lastKnownFileType = sourcecode.c.h; path = ViewController.h; sourceTree = "<group>"; };
		87E841601F743A5600ED12B2 /* ViewController.m */ = {isa = PBXFileReference; lastKnownFileType = sourcecode.c.objc; path = ViewController.m; sourceTree = "<group>"; };
		87E841631F743A5600ED12B2 /* Base */ = {isa = PBXFileReference; lastKnownFileType = file.storyboard; name = Base; path = Base.lproj/Main.storyboard; sourceTree = "<group>"; };
		87E841651F743A5600ED12B2 /* Assets.xcassets */ = {isa = PBXFileReference; lastKnownFileType = folder.assetcatalog; path = Assets.xcassets; sourceTree = "<group>"; };
		87E841681F743A5600ED12B2 /* Base */ = {isa = PBXFileReference; lastKnownFileType = file.storyboard; name = Base; path = Base.lproj/LaunchScreen.storyboard; sourceTree = "<group>"; };
		87E8416A1F743A5600ED12B2 /* Info.plist */ = {isa = PBXFileReference; lastKnownFileType = text.plist.xml; path = Info.plist; sourceTree = "<group>"; };
		87E8416F1F743A5600ED12B2 /* HockeyTests.xctest */ = {isa = PBXFileReference; explicitFileType = wrapper.cfbundle; includeInIndex = 0; path = HockeyTests.xctest; sourceTree = BUILT_PRODUCTS_DIR; };
		87E841731F743A5600ED12B2 /* HockeyTests.m */ = {isa = PBXFileReference; lastKnownFileType = sourcecode.c.objc; path = HockeyTests.m; sourceTree = "<group>"; };
		87E841751F743A5600ED12B2 /* Info.plist */ = {isa = PBXFileReference; lastKnownFileType = text.plist.xml; path = Info.plist; sourceTree = "<group>"; };
		87E8417A1F743A5600ED12B2 /* HockeyUITests.xctest */ = {isa = PBXFileReference; explicitFileType = wrapper.cfbundle; includeInIndex = 0; path = HockeyUITests.xctest; sourceTree = BUILT_PRODUCTS_DIR; };
		87E8417E1F743A5600ED12B2 /* HockeyUITests.m */ = {isa = PBXFileReference; lastKnownFileType = sourcecode.c.objc; path = HockeyUITests.m; sourceTree = "<group>"; };
		87E841801F743A5600ED12B2 /* Info.plist */ = {isa = PBXFileReference; lastKnownFileType = text.plist.xml; path = Info.plist; sourceTree = "<group>"; };
/* End PBXFileReference section */

/* Begin PBXFrameworksBuildPhase section */
		87E841531F743A5600ED12B2 /* Frameworks */ = {
			isa = PBXFrameworksBuildPhase;
			buildActionMask = 2147483647;
			files = (
			);
			runOnlyForDeploymentPostprocessing = 0;
		};
		87E8416C1F743A5600ED12B2 /* Frameworks */ = {
			isa = PBXFrameworksBuildPhase;
			buildActionMask = 2147483647;
			files = (
			);
			runOnlyForDeploymentPostprocessing = 0;
		};
		87E841771F743A5600ED12B2 /* Frameworks */ = {
			isa = PBXFrameworksBuildPhase;
			buildActionMask = 2147483647;
			files = (
			);
			runOnlyForDeploymentPostprocessing = 0;
		};
/* End PBXFrameworksBuildPhase section */

/* Begin PBXGroup section */
		87E8414D1F743A5600ED12B2 = {
			isa = PBXGroup;
			children = (
				87E841581F743A5600ED12B2 /* Hockey */,
				87E841721F743A5600ED12B2 /* HockeyTests */,
				87E8417D1F743A5600ED12B2 /* HockeyUITests */,
				87E841571F743A5600ED12B2 /* Products */,
			);
			sourceTree = "<group>";
		};
		87E841571F743A5600ED12B2 /* Products */ = {
			isa = PBXGroup;
			children = (
				87E841561F743A5600ED12B2 /* Hockey.app */,
				87E8416F1F743A5600ED12B2 /* HockeyTests.xctest */,
				87E8417A1F743A5600ED12B2 /* HockeyUITests.xctest */,
			);
			name = Products;
			sourceTree = "<group>";
		};
		87E841581F743A5600ED12B2 /* Hockey */ = {
			isa = PBXGroup;
			children = (
				87E8415C1F743A5600ED12B2 /* AppDelegate.h */,
				87E8415D1F743A5600ED12B2 /* AppDelegate.m */,
				87E8415F1F743A5600ED12B2 /* ViewController.h */,
				87E841601F743A5600ED12B2 /* ViewController.m */,
				87E841621F743A5600ED12B2 /* Main.storyboard */,
				87E841651F743A5600ED12B2 /* Assets.xcassets */,
				87E841671F743A5600ED12B2 /* LaunchScreen.storyboard */,
				87E8416A1F743A5600ED12B2 /* Info.plist */,
				87E841591F743A5600ED12B2 /* Supporting Files */,
			);
			path = Hockey;
			sourceTree = "<group>";
		};
		87E841591F743A5600ED12B2 /* Supporting Files */ = {
			isa = PBXGroup;
			children = (
				87E8415A1F743A5600ED12B2 /* main.m */,
			);
			name = "Supporting Files";
			sourceTree = "<group>";
		};
		87E841721F743A5600ED12B2 /* HockeyTests */ = {
			isa = PBXGroup;
			children = (
				87E841731F743A5600ED12B2 /* HockeyTests.m */,
				87E841751F743A5600ED12B2 /* Info.plist */,
			);
			path = HockeyTests;
			sourceTree = "<group>";
		};
		87E8417D1F743A5600ED12B2 /* HockeyUITests */ = {
			isa = PBXGroup;
			children = (
				87E8417E1F743A5600ED12B2 /* HockeyUITests.m */,
				87E841801F743A5600ED12B2 /* Info.plist */,
			);
			path = HockeyUITests;
			sourceTree = "<group>";
		};
/* End PBXGroup section */

/* Begin PBXNativeTarget section */
		87E841551F743A5600ED12B2 /* Hockey */ = {
			isa = PBXNativeTarget;
			buildConfigurationList = 87E841831F743A5600ED12B2 /* Build configuration list for PBXNativeTarget "Hockey" */;
			buildPhases = (
				87E841521F743A5600ED12B2 /* Sources */,
				87E841531F743A5600ED12B2 /* Frameworks */,
				87E841541F743A5600ED12B2 /* Resources */,
			);
			buildRules = (
			);
			dependencies = (
			);
			name = Hockey;
			productName = Hockey;
			productReference = 87E841561F743A5600ED12B2 /* Hockey.app */;
			productType = "com.apple.product-type.application";
		};
		87E8416E1F743A5600ED12B2 /* HockeyTests */ = {
			isa = PBXNativeTarget;
			buildConfigurationList = 87E841861F743A5600ED12B2 /* Build configuration list for PBXNativeTarget "HockeyTests" */;
			buildPhases = (
				87E8416B1F743A5600ED12B2 /* Sources */,
				87E8416C1F743A5600ED12B2 /* Frameworks */,
				87E8416D1F743A5600ED12B2 /* Resources */,
			);
			buildRules = (
			);
			dependencies = (
				87E841711F743A5600ED12B2 /* PBXTargetDependency */,
			);
			name = HockeyTests;
			productName = HockeyTests;
			productReference = 87E8416F1F743A5600ED12B2 /* HockeyTests.xctest */;
			productType = "com.apple.product-type.bundle.unit-test";
		};
		87E841791F743A5600ED12B2 /* HockeyUITests */ = {
			isa = PBXNativeTarget;
			buildConfigurationList = 87E841891F743A5600ED12B2 /* Build configuration list for PBXNativeTarget "HockeyUITests" */;
			buildPhases = (
				87E841761F743A5600ED12B2 /* Sources */,
				87E841771F743A5600ED12B2 /* Frameworks */,
				87E841781F743A5600ED12B2 /* Resources */,
			);
			buildRules = (
			);
			dependencies = (
				87E8417C1F743A5600ED12B2 /* PBXTargetDependency */,
			);
			name = HockeyUITests;
			productName = HockeyUITests;
			productReference = 87E8417A1F743A5600ED12B2 /* HockeyUITests.xctest */;
			productType = "com.apple.product-type.bundle.ui-testing";
		};
/* End PBXNativeTarget section */

/* Begin PBXProject section */
		87E8414E1F743A5600ED12B2 /* Project object */ = {
			isa = PBXProject;
			attributes = {
				LastUpgradeCheck = 0830;
				ORGANIZATIONNAME = "Girardin, Arnaud";
				TargetAttributes = {
					87E841551F743A5600ED12B2 = {
						CreatedOnToolsVersion = 8.3.3;
						ProvisioningStyle = Automatic;
					};
					87E8416E1F743A5600ED12B2 = {
						CreatedOnToolsVersion = 8.3.3;
						ProvisioningStyle = Automatic;
						TestTargetID = 87E841551F743A5600ED12B2;
					};
					87E841791F743A5600ED12B2 = {
						CreatedOnToolsVersion = 8.3.3;
						ProvisioningStyle = Automatic;
						TestTargetID = 87E841551F743A5600ED12B2;
					};
				};
			};
			buildConfigurationList = 87E841511F743A5600ED12B2 /* Build configuration list for PBXProject "Hockey" */;
			compatibilityVersion = "Xcode 3.2";
			developmentRegion = English;
			hasScannedForEncodings = 0;
			knownRegions = (
				en,
				Base,
			);
			mainGroup = 87E8414D1F743A5600ED12B2;
			productRefGroup = 87E841571F743A5600ED12B2 /* Products */;
			projectDirPath = "";
			projectRoot = "";
			targets = (
				87E841551F743A5600ED12B2 /* Hockey */,
				87E8416E1F743A5600ED12B2 /* HockeyTests */,
				87E841791F743A5600ED12B2 /* HockeyUITests */,
			);
		};
/* End PBXProject section */

/* Begin PBXResourcesBuildPhase section */
		87E841541F743A5600ED12B2 /* Resources */ = {
			isa = PBXResourcesBuildPhase;
			buildActionMask = 2147483647;
			files = (
				87E841691F743A5600ED12B2 /* LaunchScreen.storyboard in Resources */,
				87E841661F743A5600ED12B2 /* Assets.xcassets in Resources */,
				87E841641F743A5600ED12B2 /* Main.storyboard in Resources */,
			);
			runOnlyForDeploymentPostprocessing = 0;
		};
		87E8416D1F743A5600ED12B2 /* Resources */ = {
			isa = PBXResourcesBuildPhase;
			buildActionMask = 2147483647;
			files = (
			);
			runOnlyForDeploymentPostprocessing = 0;
		};
		87E841781F743A5600ED12B2 /* Resources */ = {
			isa = PBXResourcesBuildPhase;
			buildActionMask = 2147483647;
			files = (
			);
			runOnlyForDeploymentPostprocessing = 0;
		};
/* End PBXResourcesBuildPhase section */

/* Begin PBXSourcesBuildPhase section */
		87E841521F743A5600ED12B2 /* Sources */ = {
			isa = PBXSourcesBuildPhase;
			buildActionMask = 2147483647;
			files = (
				87E841611F743A5600ED12B2 /* ViewController.m in Sources */,
				87E8415E1F743A5600ED12B2 /* AppDelegate.m in Sources */,
				87E8415B1F743A5600ED12B2 /* main.m in Sources */,
			);
			runOnlyForDeploymentPostprocessing = 0;
		};
		87E8416B1F743A5600ED12B2 /* Sources */ = {
			isa = PBXSourcesBuildPhase;
			buildActionMask = 2147483647;
			files = (
				87E841741F743A5600ED12B2 /* HockeyTests.m in Sources */,
			);
			runOnlyForDeploymentPostprocessing = 0;
		};
		87E841761F743A5600ED12B2 /* Sources */ = {
			isa = PBXSourcesBuildPhase;
			buildActionMask = 2147483647;
			files = (
				87E8417F1F743A5600ED12B2 /* HockeyUITests.m in Sources */,
			);
			runOnlyForDeploymentPostprocessing = 0;
		};
/* End PBXSourcesBuildPhase section */

/* Begin PBXTargetDependency section */
		87E841711F743A5600ED12B2 /* PBXTargetDependency */ = {
			isa = PBXTargetDependency;
			target = 87E841551F743A5600ED12B2 /* Hockey */;
			targetProxy = 87E841701F743A5600ED12B2 /* PBXContainerItemProxy */;
		};
		87E8417C1F743A5600ED12B2 /* PBXTargetDependency */ = {
			isa = PBXTargetDependency;
			target = 87E841551F743A5600ED12B2 /* Hockey */;
			targetProxy = 87E8417B1F743A5600ED12B2 /* PBXContainerItemProxy */;
		};
/* End PBXTargetDependency section */

/* Begin PBXVariantGroup section */
		87E841621F743A5600ED12B2 /* Main.storyboard */ = {
			isa = PBXVariantGroup;
			children = (
				87E841631F743A5600ED12B2 /* Base */,
			);
			name = Main.storyboard;
			sourceTree = "<group>";
		};
		87E841671F743A5600ED12B2 /* LaunchScreen.storyboard */ = {
			isa = PBXVariantGroup;
			children = (
				87E841681F743A5600ED12B2 /* Base */,
			);
			name = LaunchScreen.storyboard;
			sourceTree = "<group>";
		};
/* End PBXVariantGroup section */

/* Begin XCBuildConfiguration section */
		87E841811F743A5600ED12B2 /* Debug */ = {
			isa = XCBuildConfiguration;
			buildSettings = {
				ALWAYS_SEARCH_USER_PATHS = NO;
				CLANG_ANALYZER_NONNULL = YES;
				CLANG_ANALYZER_NUMBER_OBJECT_CONVERSION = YES_AGGRESSIVE;
				CLANG_CXX_LANGUAGE_STANDARD = "gnu++0x";
				CLANG_CXX_LIBRARY = "libc++";
				CLANG_ENABLE_MODULES = YES;
				CLANG_ENABLE_OBJC_ARC = YES;
				CLANG_WARN_BOOL_CONVERSION = YES;
				CLANG_WARN_CONSTANT_CONVERSION = YES;
				CLANG_WARN_DIRECT_OBJC_ISA_USAGE = YES_ERROR;
				CLANG_WARN_DOCUMENTATION_COMMENTS = YES;
				CLANG_WARN_EMPTY_BODY = YES;
				CLANG_WARN_ENUM_CONVERSION = YES;
				CLANG_WARN_INFINITE_RECURSION = YES;
				CLANG_WARN_INT_CONVERSION = YES;
				CLANG_WARN_OBJC_ROOT_CLASS = YES_ERROR;
				CLANG_WARN_SUSPICIOUS_MOVE = YES;
				CLANG_WARN_UNREACHABLE_CODE = YES;
				CLANG_WARN__DUPLICATE_METHOD_MATCH = YES;
				"CODE_SIGN_IDENTITY[sdk=iphoneos*]" = "iPhone Developer";
				COPY_PHASE_STRIP = NO;
				DEBUG_INFORMATION_FORMAT = dwarf;
				ENABLE_STRICT_OBJC_MSGSEND = YES;
				ENABLE_TESTABILITY = YES;
				GCC_C_LANGUAGE_STANDARD = gnu99;
				GCC_DYNAMIC_NO_PIC = NO;
				GCC_NO_COMMON_BLOCKS = YES;
				GCC_OPTIMIZATION_LEVEL = 0;
				GCC_PREPROCESSOR_DEFINITIONS = (
					"DEBUG=1",
					"$(inherited)",
				);
				GCC_WARN_64_TO_32_BIT_CONVERSION = YES;
				GCC_WARN_ABOUT_RETURN_TYPE = YES_ERROR;
				GCC_WARN_UNDECLARED_SELECTOR = YES;
				GCC_WARN_UNINITIALIZED_AUTOS = YES_AGGRESSIVE;
				GCC_WARN_UNUSED_FUNCTION = YES;
				GCC_WARN_UNUSED_VARIABLE = YES;
				IPHONEOS_DEPLOYMENT_TARGET = 10.3;
				MTL_ENABLE_DEBUG_INFO = YES;
				ONLY_ACTIVE_ARCH = YES;
				SDKROOT = iphoneos;
				TARGETED_DEVICE_FAMILY = "1,2";
			};
			name = Debug;
		};
		87E841821F743A5600ED12B2 /* Release */ = {
			isa = XCBuildConfiguration;
			buildSettings = {
				ALWAYS_SEARCH_USER_PATHS = NO;
				CLANG_ANALYZER_NONNULL = YES;
				CLANG_ANALYZER_NUMBER_OBJECT_CONVERSION = YES_AGGRESSIVE;
				CLANG_CXX_LANGUAGE_STANDARD = "gnu++0x";
				CLANG_CXX_LIBRARY = "libc++";
				CLANG_ENABLE_MODULES = YES;
				CLANG_ENABLE_OBJC_ARC = YES;
				CLANG_WARN_BOOL_CONVERSION = YES;
				CLANG_WARN_CONSTANT_CONVERSION = YES;
				CLANG_WARN_DIRECT_OBJC_ISA_USAGE = YES_ERROR;
				CLANG_WARN_DOCUMENTATION_COMMENTS = YES;
				CLANG_WARN_EMPTY_BODY = YES;
				CLANG_WARN_ENUM_CONVERSION = YES;
				CLANG_WARN_INFINITE_RECURSION = YES;
				CLANG_WARN_INT_CONVERSION = YES;
				CLANG_WARN_OBJC_ROOT_CLASS = YES_ERROR;
				CLANG_WARN_SUSPICIOUS_MOVE = YES;
				CLANG_WARN_UNREACHABLE_CODE = YES;
				CLANG_WARN__DUPLICATE_METHOD_MATCH = YES;
				"CODE_SIGN_IDENTITY[sdk=iphoneos*]" = "iPhone Developer";
				COPY_PHASE_STRIP = NO;
				DEBUG_INFORMATION_FORMAT = "dwarf-with-dsym";
				ENABLE_NS_ASSERTIONS = NO;
				ENABLE_STRICT_OBJC_MSGSEND = YES;
				GCC_C_LANGUAGE_STANDARD = gnu99;
				GCC_NO_COMMON_BLOCKS = YES;
				GCC_WARN_64_TO_32_BIT_CONVERSION = YES;
				GCC_WARN_ABOUT_RETURN_TYPE = YES_ERROR;
				GCC_WARN_UNDECLARED_SELECTOR = YES;
				GCC_WARN_UNINITIALIZED_AUTOS = YES_AGGRESSIVE;
				GCC_WARN_UNUSED_FUNCTION = YES;
				GCC_WARN_UNUSED_VARIABLE = YES;
				IPHONEOS_DEPLOYMENT_TARGET = 10.3;
				MTL_ENABLE_DEBUG_INFO = NO;
				SDKROOT = iphoneos;
				TARGETED_DEVICE_FAMILY = "1,2";
				VALIDATE_PRODUCT = YES;
			};
			name = Release;
		};
		87E841841F743A5600ED12B2 /* Debug */ = {
			isa = XCBuildConfiguration;
			buildSettings = {
				ASSETCATALOG_COMPILER_APPICON_NAME = AppIcon;
				INFOPLIST_FILE = Hockey/Info.plist;
				LD_RUNPATH_SEARCH_PATHS = "$(inherited) @executable_path/Frameworks";
				PRODUCT_BUNDLE_IDENTIFIER = ETS.Hockey;
				PRODUCT_NAME = "$(TARGET_NAME)";
			};
			name = Debug;
		};
		87E841851F743A5600ED12B2 /* Release */ = {
			isa = XCBuildConfiguration;
			buildSettings = {
				ASSETCATALOG_COMPILER_APPICON_NAME = AppIcon;
				INFOPLIST_FILE = Hockey/Info.plist;
				LD_RUNPATH_SEARCH_PATHS = "$(inherited) @executable_path/Frameworks";
				PRODUCT_BUNDLE_IDENTIFIER = ETS.Hockey;
				PRODUCT_NAME = "$(TARGET_NAME)";
			};
			name = Release;
		};
		87E841871F743A5600ED12B2 /* Debug */ = {
			isa = XCBuildConfiguration;
			buildSettings = {
				BUNDLE_LOADER = "$(TEST_HOST)";
				INFOPLIST_FILE = HockeyTests/Info.plist;
				LD_RUNPATH_SEARCH_PATHS = "$(inherited) @executable_path/Frameworks @loader_path/Frameworks";
				PRODUCT_BUNDLE_IDENTIFIER = ETS.HockeyTests;
				PRODUCT_NAME = "$(TARGET_NAME)";
				TEST_HOST = "$(BUILT_PRODUCTS_DIR)/Hockey.app/Hockey";
			};
			name = Debug;
		};
		87E841881F743A5600ED12B2 /* Release */ = {
			isa = XCBuildConfiguration;
			buildSettings = {
				BUNDLE_LOADER = "$(TEST_HOST)";
				INFOPLIST_FILE = HockeyTests/Info.plist;
				LD_RUNPATH_SEARCH_PATHS = "$(inherited) @executable_path/Frameworks @loader_path/Frameworks";
				PRODUCT_BUNDLE_IDENTIFIER = ETS.HockeyTests;
				PRODUCT_NAME = "$(TARGET_NAME)";
				TEST_HOST = "$(BUILT_PRODUCTS_DIR)/Hockey.app/Hockey";
			};
			name = Release;
		};
		87E8418A1F743A5600ED12B2 /* Debug */ = {
			isa = XCBuildConfiguration;
			buildSettings = {
				INFOPLIST_FILE = HockeyUITests/Info.plist;
				LD_RUNPATH_SEARCH_PATHS = "$(inherited) @executable_path/Frameworks @loader_path/Frameworks";
				PRODUCT_BUNDLE_IDENTIFIER = ETS.HockeyUITests;
				PRODUCT_NAME = "$(TARGET_NAME)";
				TEST_TARGET_NAME = Hockey;
			};
			name = Debug;
		};
		87E8418B1F743A5600ED12B2 /* Release */ = {
			isa = XCBuildConfiguration;
			buildSettings = {
				INFOPLIST_FILE = HockeyUITests/Info.plist;
				LD_RUNPATH_SEARCH_PATHS = "$(inherited) @executable_path/Frameworks @loader_path/Frameworks";
				PRODUCT_BUNDLE_IDENTIFIER = ETS.HockeyUITests;
				PRODUCT_NAME = "$(TARGET_NAME)";
				TEST_TARGET_NAME = Hockey;
			};
			name = Release;
		};
/* End XCBuildConfiguration section */

/* Begin XCConfigurationList section */
		87E841511F743A5600ED12B2 /* Build configuration list for PBXProject "Hockey" */ = {
			isa = XCConfigurationList;
			buildConfigurations = (
				87E841811F743A5600ED12B2 /* Debug */,
				87E841821F743A5600ED12B2 /* Release */,
			);
			defaultConfigurationIsVisible = 0;
			defaultConfigurationName = Release;
		};
		87E841831F743A5600ED12B2 /* Build configuration list for PBXNativeTarget "Hockey" */ = {
			isa = XCConfigurationList;
			buildConfigurations = (
				87E841841F743A5600ED12B2 /* Debug */,
				87E841851F743A5600ED12B2 /* Release */,
			);
			defaultConfigurationIsVisible = 0;
		};
		87E841861F743A5600ED12B2 /* Build configuration list for PBXNativeTarget "HockeyTests" */ = {
			isa = XCConfigurationList;
			buildConfigurations = (
				87E841871F743A5600ED12B2 /* Debug */,
				87E841881F743A5600ED12B2 /* Release */,
			);
			defaultConfigurationIsVisible = 0;
		};
		87E841891F743A5600ED12B2 /* Build configuration list for PBXNativeTarget "HockeyUITests" */ = {
			isa = XCConfigurationList;
			buildConfigurations = (
				87E8418A1F743A5600ED12B2 /* Debug */,
				87E8418B1F743A5600ED12B2 /* Release */,
			);
			defaultConfigurationIsVisible = 0;
		};
/* End XCConfigurationList section */
	};
	rootObject = 87E8414E1F743A5600ED12B2 /* Project object */;
}
